{
  "name": "px_rem-converter",
  "lockfileVersion": 3,
  "requires": true,
  "packages": {
    "": {
      "dependencies": {
        "@fontsource-variable/montserrat": "^5.0.19",
        "typescript": "^5.4.5"
      }
    },
    "node_modules/@fontsource-variable/montserrat": {
      "version": "5.0.19",
      "resolved": "https://registry.npmjs.org/@fontsource-variable/montserrat/-/montserrat-5.0.19.tgz",
      "integrity": "sha512-vOlVjdGock2yBOeBbg5qexPa1TJM/PS8Nx9YlF6DFEtFf/Y5ayDbZRvV/WPj8W2vk7/aDxUEtTAp/Qp8wK9hNQ=="
    },
    "node_modules/typescript": {
      "version": "5.4.5",
      "resolved": "https://registry.npmjs.org/typescript/-/typescript-5.4.5.tgz",
      "integrity": "sha512-vcI4UpRgg81oIRUFwR0WSIHKt11nJ7SAVlYNIu+QpqeyXP+gpQJy/Z4+F0aGxSE4MqwjyXvW/TzgkLAx2AGHwQ==",
      "bin": {
        "tsc": "bin/tsc",
        "tsserver": "bin/tsserver"
      },
      "engines": {
        "node": ">=14.17"
      }
    }
  }
}
